
Microsoft Visual Studio Solution File, Format Version 12.00
# Visual Studio Version 17
VisualStudioVersion = 17.14.36408.4 d17.14
MinimumVisualStudioVersion = 10.0.40219.1
Project("{FAE04EC0-301F-11D3-BF4B-00C04F79EFBC}") = "SampleAzureWebApp", "SampleAzureWebApp\SampleAzureWebApp.csproj", "{DD5CE91D-FD22-4033-8357-8CCDDC94BB82}"
EndProject
Global
	GlobalSection(SolutionConfigurationPlatforms) = preSolution
		Debug|Any CPU = Debug|Any CPU
		Release|Any CPU = Release|Any CPU
	EndGlobalSection
	GlobalSection(ProjectConfigurationPlatforms) = postSolution
		{DD5CE91D-FD22-4033-8357-8CCDDC94BB82}.Debug|Any CPU.ActiveCfg = Debug|Any CPU
		{DD5CE91D-FD22-4033-8357-8CCDDC94BB82}.Debug|Any CPU.Build.0 = Debug|Any CPU
		{DD5CE91D-FD22-4033-8357-8CCDDC94BB82}.Release|Any CPU.ActiveCfg = Release|Any CPU
		{DD5CE91D-FD22-4033-8357-8CCDDC94BB82}.Release|Any CPU.Build.0 = Release|Any CPU
	EndGlobalSection
	GlobalSection(SolutionProperties) = preSolution
		HideSolutionNode = FALSE
	EndGlobalSection
	GlobalSection(ExtensibilityGlobals) = postSolution
		SolutionGuid = {79F24491-29AD-4D2B-928E-385BAA477F3E}
	EndGlobalSection
EndGlobal
